
Microsoft Visual Studio Solution File, Format Version 12.00
Project("{2150E333-8FDC-42A3-9474-1A3956D46DE8}") = "Desktop", "Desktop", "{3AE6064C-887D-43E8-A3E5-5731590CC32F}"
EndProject
Project("{2150E333-8FDC-42A3-9474-1A3956D46DE8}") = "Domain", "Domain", "{1890EE92-B1B1-47D6-B9A6-AC107DE882BD}"
EndProject
Project("{2150E333-8FDC-42A3-9474-1A3956D46DE8}") = "Web", "Web", "{5AA7ABDA-AA1B-46C7-87A9-CFBE87DB7E94}"
EndProject
Project("{FAE04EC0-301F-11D3-BF4B-00C04F79EFBC}") = "DepositsCreator", "DepositsCreator\DepositsCreator.csproj", "{7518C1EB-A945-422B-8C26-3B35D56CB052}"
EndProject
Project("{FAE04EC0-301F-11D3-BF4B-00C04F79EFBC}") = "DepositsComparisonDomainLogic", "DepositsComparisonDomainLogic\DepositsComparisonDomainLogic.csproj", "{EEAF49D9-7BC7-456F-AB65-5FA07C1627BB}"
EndProject
Project("{FAE04EC0-301F-11D3-BF4B-00C04F79EFBC}") = "DepositsComparer", "DepositsComparer\DepositsComparer.csproj", "{BB731BD0-EE30-46E1-B6A3-D98035567863}"
EndProject
Global
	GlobalSection(SolutionConfigurationPlatforms) = preSolution
		Debug|Any CPU = Debug|Any CPU
		Release|Any CPU = Release|Any CPU
	EndGlobalSection
	GlobalSection(NestedProjects) = preSolution
		{7518C1EB-A945-422B-8C26-3B35D56CB052} = {3AE6064C-887D-43E8-A3E5-5731590CC32F}
		{EEAF49D9-7BC7-456F-AB65-5FA07C1627BB} = {1890EE92-B1B1-47D6-B9A6-AC107DE882BD}
		{BB731BD0-EE30-46E1-B6A3-D98035567863} = {5AA7ABDA-AA1B-46C7-87A9-CFBE87DB7E94}
	EndGlobalSection
	GlobalSection(ProjectConfigurationPlatforms) = postSolution
		{7518C1EB-A945-422B-8C26-3B35D56CB052}.Debug|Any CPU.ActiveCfg = Debug|Any CPU
		{7518C1EB-A945-422B-8C26-3B35D56CB052}.Debug|Any CPU.Build.0 = Debug|Any CPU
		{7518C1EB-A945-422B-8C26-3B35D56CB052}.Release|Any CPU.ActiveCfg = Release|Any CPU
		{7518C1EB-A945-422B-8C26-3B35D56CB052}.Release|Any CPU.Build.0 = Release|Any CPU
		{EEAF49D9-7BC7-456F-AB65-5FA07C1627BB}.Debug|Any CPU.ActiveCfg = Debug|Any CPU
		{EEAF49D9-7BC7-456F-AB65-5FA07C1627BB}.Debug|Any CPU.Build.0 = Debug|Any CPU
		{EEAF49D9-7BC7-456F-AB65-5FA07C1627BB}.Release|Any CPU.ActiveCfg = Release|Any CPU
		{EEAF49D9-7BC7-456F-AB65-5FA07C1627BB}.Release|Any CPU.Build.0 = Release|Any CPU
		{BB731BD0-EE30-46E1-B6A3-D98035567863}.Debug|Any CPU.ActiveCfg = Debug|Any CPU
		{BB731BD0-EE30-46E1-B6A3-D98035567863}.Debug|Any CPU.Build.0 = Debug|Any CPU
		{BB731BD0-EE30-46E1-B6A3-D98035567863}.Release|Any CPU.ActiveCfg = Release|Any CPU
		{BB731BD0-EE30-46E1-B6A3-D98035567863}.Release|Any CPU.Build.0 = Release|Any CPU
	EndGlobalSection
EndGlobal
